// !$*UTF8*$!
{
	archiveVersion = 1;
	classes = {
	};
	objectVersion = 50;
	objects = {

/* Begin PBXBuildFile section */
		7B84048226D9533200FFFAFE /* AppDelegate.swift in Sources */ = {isa = PBXBuildFile; fileRef = 7B84048126D9533200FFFAFE /* AppDelegate.swift */; };
		7B84048426D9533200FFFAFE /* SceneDelegate.swift in Sources */ = {isa = PBXBuildFile; fileRef = 7B84048326D9533200FFFAFE /* SceneDelegate.swift */; };
		7B84048626D9533200FFFAFE /* LoginViewController.swift in Sources */ = {isa = PBXBuildFile; fileRef = 7B84048526D9533200FFFAFE /* LoginViewController.swift */; };
		7B84048926D9533200FFFAFE /* Main.storyboard in Resources */ = {isa = PBXBuildFile; fileRef = 7B84048726D9533200FFFAFE /* Main.storyboard */; };
		7B84048B26D9533400FFFAFE /* Assets.xcassets in Resources */ = {isa = PBXBuildFile; fileRef = 7B84048A26D9533400FFFAFE /* Assets.xcassets */; };
		7B84048E26D9533400FFFAFE /* LaunchScreen.storyboard in Resources */ = {isa = PBXBuildFile; fileRef = 7B84048C26D9533400FFFAFE /* LaunchScreen.storyboard */; };
		7B84049A26D9564900FFFAFE /* WelcomeViewController.swift in Sources */ = {isa = PBXBuildFile; fileRef = 7B84049926D9564900FFFAFE /* WelcomeViewController.swift */; };
		7B84049C26D95DB400FFFAFE /* ProfileViewController.swift in Sources */ = {isa = PBXBuildFile; fileRef = 7B84049B26D95DB400FFFAFE /* ProfileViewController.swift */; };
		7B8404A826DE9C1700FFFAFE /* User.swift in Sources */ = {isa = PBXBuildFile; fileRef = 7B8404A726DE9C1700FFFAFE /* User.swift */; };
/* End PBXBuildFile section */

/* Begin PBXFileReference section */
		7B84047E26D9533200FFFAFE /* AboutMe.app */ = {isa = PBXFileReference; explicitFileType = wrapper.application; includeInIndex = 0; path = AboutMe.app; sourceTree = BUILT_PRODUCTS_DIR; };
		7B84048126D9533200FFFAFE /* AppDelegate.swift */ = {isa = PBXFileReference; lastKnownFileType = sourcecode.swift; path = AppDelegate.swift; sourceTree = "<group>"; };
		7B84048326D9533200FFFAFE /* SceneDelegate.swift */ = {isa = PBXFileReference; lastKnownFileType = sourcecode.swift; path = SceneDelegate.swift; sourceTree = "<group>"; };
		7B84048526D9533200FFFAFE /* LoginViewController.swift */ = {isa = PBXFileReference; lastKnownFileType = sourcecode.swift; path = LoginViewController.swift; sourceTree = "<group>"; };
		7B84048826D9533200FFFAFE /* Base */ = {isa = PBXFileReference; lastKnownFileType = file.storyboard; name = Base; path = Base.lproj/Main.storyboard; sourceTree = "<group>"; };
		7B84048A26D9533400FFFAFE /* Assets.xcassets */ = {isa = PBXFileReference; lastKnownFileType = folder.assetcatalog; path = Assets.xcassets; sourceTree = "<group>"; };
		7B84048D26D9533400FFFAFE /* Base */ = {isa = PBXFileReference; lastKnownFileType = file.storyboard; name = Base; path = Base.lproj/LaunchScreen.storyboard; sourceTree = "<group>"; };
		7B84048F26D9533400FFFAFE /* Info.plist */ = {isa = PBXFileReference; lastKnownFileType = text.plist.xml; path = Info.plist; sourceTree = "<group>"; };
		7B84049926D9564900FFFAFE /* WelcomeViewController.swift */ = {isa = PBXFileReference; lastKnownFileType = sourcecode.swift; path = WelcomeViewController.swift; sourceTree = "<group>"; };
		7B84049B26D95DB400FFFAFE /* ProfileViewController.swift */ = {isa = PBXFileReference; lastKnownFileType = sourcecode.swift; path = ProfileViewController.swift; sourceTree = "<group>"; };
		7B8404A726DE9C1700FFFAFE /* User.swift */ = {isa = PBXFileReference; lastKnownFileType = sourcecode.swift; path = User.swift; sourceTree = "<group>"; };
/* End PBXFileReference section */

/* Begin PBXFrameworksBuildPhase section */
		7B84047B26D9533200FFFAFE /* Frameworks */ = {
			isa = PBXFrameworksBuildPhase;
			buildActionMask = 2147483647;
			files = (
			);
			runOnlyForDeploymentPostprocessing = 0;
		};
/* End PBXFrameworksBuildPhase section */

/* Begin PBXGroup section */
		7B84047526D9533200FFFAFE = {
			isa = PBXGroup;
			children = (
				7B84048026D9533200FFFAFE /* AboutMe */,
				7B84047F26D9533200FFFAFE /* Products */,
			);
			sourceTree = "<group>";
		};
		7B84047F26D9533200FFFAFE /* Products */ = {
			isa = PBXGroup;
			children = (
				7B84047E26D9533200FFFAFE /* AboutMe.app */,
			);
			name = Products;
			sourceTree = "<group>";
		};
		7B84048026D9533200FFFAFE /* AboutMe */ = {
			isa = PBXGroup;
			children = (
				7B84049D26D9743400FFFAFE /* Models */,
				7B84049626D953EB00FFFAFE /* ViewControllers */,
				7B84049726D953F900FFFAFE /* Storyboards */,
				7B84049826D9540800FFFAFE /* Resources */,
				7B84049526D953DF00FFFAFE /* App */,
			);
			path = AboutMe;
			sourceTree = "<group>";
		};
		7B84049526D953DF00FFFAFE /* App */ = {
			isa = PBXGroup;
			children = (
				7B84048126D9533200FFFAFE /* AppDelegate.swift */,
				7B84048326D9533200FFFAFE /* SceneDelegate.swift */,
				7B84048F26D9533400FFFAFE /* Info.plist */,
			);
			path = App;
			sourceTree = "<group>";
		};
		7B84049626D953EB00FFFAFE /* ViewControllers */ = {
			isa = PBXGroup;
			children = (
				7B84048526D9533200FFFAFE /* LoginViewController.swift */,
				7B84049926D9564900FFFAFE /* WelcomeViewController.swift */,
				7B84049B26D95DB400FFFAFE /* ProfileViewController.swift */,
			);
			path = ViewControllers;
			sourceTree = "<group>";
		};
		7B84049726D953F900FFFAFE /* Storyboards */ = {
			isa = PBXGroup;
			children = (
				7B84048726D9533200FFFAFE /* Main.storyboard */,
				7B84048C26D9533400FFFAFE /* LaunchScreen.storyboard */,
			);
			path = Storyboards;
			sourceTree = "<group>";
		};
		7B84049826D9540800FFFAFE /* Resources */ = {
			isa = PBXGroup;
			children = (
				7B84048A26D9533400FFFAFE /* Assets.xcassets */,
			);
			path = Resources;
			sourceTree = "<group>";
		};
		7B84049D26D9743400FFFAFE /* Models */ = {
			isa = PBXGroup;
			children = (
				7B8404A726DE9C1700FFFAFE /* User.swift */,
			);
			path = Models;
			sourceTree = "<group>";
		};
/* End PBXGroup section */

/* Begin PBXNativeTarget section */
		7B84047D26D9533200FFFAFE /* AboutMe */ = {
			isa = PBXNativeTarget;
			buildConfigurationList = 7B84049226D9533400FFFAFE /* Build configuration list for PBXNativeTarget "AboutMe" */;
			buildPhases = (
				7B84047A26D9533200FFFAFE /* Sources */,
				7B84047B26D9533200FFFAFE /* Frameworks */,
				7B84047C26D9533200FFFAFE /* Resources */,
			);
			buildRules = (
			);
			dependencies = (
			);
			name = AboutMe;
			productName = AboutMe;
			productReference = 7B84047E26D9533200FFFAFE /* AboutMe.app */;
			productType = "com.apple.product-type.application";
		};
/* End PBXNativeTarget section */

/* Begin PBXProject section */
		7B84047626D9533200FFFAFE /* Project object */ = {
			isa = PBXProject;
			attributes = {
				LastSwiftUpdateCheck = 1250;
				LastUpgradeCheck = 1250;
				TargetAttributes = {
					7B84047D26D9533200FFFAFE = {
						CreatedOnToolsVersion = 12.5.1;
					};
				};
			};
			buildConfigurationList = 7B84047926D9533200FFFAFE /* Build configuration list for PBXProject "AboutMe" */;
			compatibilityVersion = "Xcode 9.3";
			developmentRegion = en;
			hasScannedForEncodings = 0;
			knownRegions = (
				en,
				Base,
			);
			mainGroup = 7B84047526D9533200FFFAFE;
			productRefGroup = 7B84047F26D9533200FFFAFE /* Products */;
			projectDirPath = "";
			projectRoot = "";
			targets = (
				7B84047D26D9533200FFFAFE /* AboutMe */,
			);
		};
/* End PBXProject section */

/* Begin PBXResourcesBuildPhase section */
		7B84047C26D9533200FFFAFE /* Resources */ = {
			isa = PBXResourcesBuildPhase;
			buildActionMask = 2147483647;
			files = (
				7B84048E26D9533400FFFAFE /* LaunchScreen.storyboard in Resources */,
				7B84048B26D9533400FFFAFE /* Assets.xcassets in Resources */,
				7B84048926D9533200FFFAFE /* Main.storyboard in Resources */,
			);
			runOnlyForDeploymentPostprocessing = 0;
		};
/* End PBXResourcesBuildPhase section */

/* Begin PBXSourcesBuildPhase section */
		7B84047A26D9533200FFFAFE /* Sources */ = {
			isa = PBXSourcesBuildPhase;
			buildActionMask = 2147483647;
			files = (
				7B84048626D9533200FFFAFE /* LoginViewController.swift in Sources */,
				7B84049A26D9564900FFFAFE /* WelcomeViewController.swift in Sources */,
				7B84049C26D95DB400FFFAFE /* ProfileViewController.swift in Sources */,
				7B84048226D9533200FFFAFE /* AppDelegate.swift in Sources */,
				7B84048426D9533200FFFAFE /* SceneDelegate.swift in Sources */,
				7B8404A826DE9C1700FFFAFE /* User.swift in Sources */,
			);
			runOnlyForDeploymentPostprocessing = 0;
		};
/* End PBXSourcesBuildPhase section */

/* Begin PBXVariantGroup section */
		7B84048726D9533200FFFAFE /* Main.storyboard */ = {
			isa = PBXVariantGroup;
			children = (
				7B84048826D9533200FFFAFE /* Base */,
			);
			name = Main.storyboard;
			sourceTree = "<group>";
		};
		7B84048C26D9533400FFFAFE /* LaunchScreen.storyboard */ = {
			isa = PBXVariantGroup;
			children = (
				7B84048D26D9533400FFFAFE /* Base */,
			);
			name = LaunchScreen.storyboard;
			sourceTree = "<group>";
		};
/* End PBXVariantGroup section */

/* Begin XCBuildConfiguration section */
		7B84049026D9533400FFFAFE /* Debug */ = {
			isa = XCBuildConfiguration;
			buildSettings = {
				ALWAYS_SEARCH_USER_PATHS = NO;
				CLANG_ANALYZER_NONNULL = YES;
				CLANG_ANALYZER_NUMBER_OBJECT_CONVERSION = YES_AGGRESSIVE;
				CLANG_CXX_LANGUAGE_STANDARD = "gnu++14";
				CLANG_CXX_LIBRARY = "libc++";
				CLANG_ENABLE_MODULES = YES;
				CLANG_ENABLE_OBJC_ARC = YES;
				CLANG_ENABLE_OBJC_WEAK = YES;
				CLANG_WARN_BLOCK_CAPTURE_AUTORELEASING = YES;
				CLANG_WARN_BOOL_CONVERSION = YES;
				CLANG_WARN_COMMA = YES;
				CLANG_WARN_CONSTANT_CONVERSION = YES;
				CLANG_WARN_DEPRECATED_OBJC_IMPLEMENTATIONS = YES;
				CLANG_WARN_DIRECT_OBJC_ISA_USAGE = YES_ERROR;
				CLANG_WARN_DOCUMENTATION_COMMENTS = YES;
				CLANG_WARN_EMPTY_BODY = YES;
				CLANG_WARN_ENUM_CONVERSION = YES;
				CLANG_WARN_INFINITE_RECURSION = YES;
				CLANG_WARN_INT_CONVERSION = YES;
				CLANG_WARN_NON_LITERAL_NULL_CONVERSION = YES;
				CLANG_WARN_OBJC_IMPLICIT_RETAIN_SELF = YES;
				CLANG_WARN_OBJC_LITERAL_CONVERSION = YES;
				CLANG_WARN_OBJC_ROOT_CLASS = YES_ERROR;
				CLANG_WARN_QUOTED_INCLUDE_IN_FRAMEWORK_HEADER = YES;
				CLANG_WARN_RANGE_LOOP_ANALYSIS = YES;
				CLANG_WARN_STRICT_PROTOTYPES = YES;
				CLANG_WARN_SUSPICIOUS_MOVE = YES;
				CLANG_WARN_UNGUARDED_AVAILABILITY = YES_AGGRESSIVE;
				CLANG_WARN_UNREACHABLE_CODE = YES;
				CLANG_WARN__DUPLICATE_METHOD_MATCH = YES;
				COPY_PHASE_STRIP = NO;
				DEBUG_INFORMATION_FORMAT = dwarf;
				ENABLE_STRICT_OBJC_MSGSEND = YES;
				ENABLE_TESTABILITY = YES;
				GCC_C_LANGUAGE_STANDARD = gnu11;
				GCC_DYNAMIC_NO_PIC = NO;
				GCC_NO_COMMON_BLOCKS = YES;
				GCC_OPTIMIZATION_LEVEL = 0;
				GCC_PREPROCESSOR_DEFINITIONS = (
					"DEBUG=1",
					"$(inherited)",
				);
				GCC_WARN_64_TO_32_BIT_CONVERSION = YES;
				GCC_WARN_ABOUT_RETURN_TYPE = YES_ERROR;
				GCC_WARN_UNDECLARED_SELECTOR = YES;
				GCC_WARN_UNINITIALIZED_AUTOS = YES_AGGRESSIVE;
				GCC_WARN_UNUSED_FUNCTION = YES;
				GCC_WARN_UNUSED_VARIABLE = YES;
				IPHONEOS_DEPLOYMENT_TARGET = 14.5;
				MTL_ENABLE_DEBUG_INFO = INCLUDE_SOURCE;
				MTL_FAST_MATH = YES;
				ONLY_ACTIVE_ARCH = YES;
				SDKROOT = iphoneos;
				SWIFT_ACTIVE_COMPILATION_CONDITIONS = DEBUG;
				SWIFT_OPTIMIZATION_LEVEL = "-Onone";
			};
			name = Debug;
		};
		7B84049126D9533400FFFAFE /* Release */ = {
			isa = XCBuildConfiguration;
			buildSettings = {
				ALWAYS_SEARCH_USER_PATHS = NO;
				CLANG_ANALYZER_NONNULL = YES;
				CLANG_ANALYZER_NUMBER_OBJECT_CONVERSION = YES_AGGRESSIVE;
				CLANG_CXX_LANGUAGE_STANDARD = "gnu++14";
				CLANG_CXX_LIBRARY = "libc++";
				CLANG_ENABLE_MODULES = YES;
				CLANG_ENABLE_OBJC_ARC = YES;
				CLANG_ENABLE_OBJC_WEAK = YES;
				CLANG_WARN_BLOCK_CAPTURE_AUTORELEASING = YES;
				CLANG_WARN_BOOL_CONVERSION = YES;
				CLANG_WARN_COMMA = YES;
				CLANG_WARN_CONSTANT_CONVERSION = YES;
				CLANG_WARN_DEPRECATED_OBJC_IMPLEMENTATIONS = YES;
				CLANG_WARN_DIRECT_OBJC_ISA_USAGE = YES_ERROR;
				CLANG_WARN_DOCUMENTATION_COMMENTS = YES;
				CLANG_WARN_EMPTY_BODY = YES;
				CLANG_WARN_ENUM_CONVERSION = YES;
				CLANG_WARN_INFINITE_RECURSION = YES;
				CLANG_WARN_INT_CONVERSION = YES;
				CLANG_WARN_NON_LITERAL_NULL_CONVERSION = YES;
				CLANG_WARN_OBJC_IMPLICIT_RETAIN_SELF = YES;
				CLANG_WARN_OBJC_LITERAL_CONVERSION = YES;
				CLANG_WARN_OBJC_ROOT_CLASS = YES_ERROR;
				CLANG_WARN_QUOTED_INCLUDE_IN_FRAMEWORK_HEADER = YES;
				CLANG_WARN_RANGE_LOOP_ANALYSIS = YES;
				CLANG_WARN_STRICT_PROTOTYPES = YES;
				CLANG_WARN_SUSPICIOUS_MOVE = YES;
				CLANG_WARN_UNGUARDED_AVAILABILITY = YES_AGGRESSIVE;
				CLANG_WARN_UNREACHABLE_CODE = YES;
				CLANG_WARN__DUPLICATE_METHOD_MATCH = YES;
				COPY_PHASE_STRIP = NO;
				DEBUG_INFORMATION_FORMAT = "dwarf-with-dsym";
				ENABLE_NS_ASSERTIONS = NO;
				ENABLE_STRICT_OBJC_MSGSEND = YES;
				GCC_C_LANGUAGE_STANDARD = gnu11;
				GCC_NO_COMMON_BLOCKS = YES;
				GCC_WARN_64_TO_32_BIT_CONVERSION = YES;
				GCC_WARN_ABOUT_RETURN_TYPE = YES_ERROR;
				GCC_WARN_UNDECLARED_SELECTOR = YES;
				GCC_WARN_UNINITIALIZED_AUTOS = YES_AGGRESSIVE;
				GCC_WARN_UNUSED_FUNCTION = YES;
				GCC_WARN_UNUSED_VARIABLE = YES;
				IPHONEOS_DEPLOYMENT_TARGET = 14.5;
				MTL_ENABLE_DEBUG_INFO = NO;
				MTL_FAST_MATH = YES;
				SDKROOT = iphoneos;
				SWIFT_COMPILATION_MODE = wholemodule;
				SWIFT_OPTIMIZATION_LEVEL = "-O";
				VALIDATE_PRODUCT = YES;
			};
			name = Release;
		};
		7B84049326D9533400FFFAFE /* Debug */ = {
			isa = XCBuildConfiguration;
			buildSettings = {
				ASSETCATALOG_COMPILER_APPICON_NAME = AppIcon;
				ASSETCATALOG_COMPILER_GLOBAL_ACCENT_COLOR_NAME = AccentColor;
				CODE_SIGN_STYLE = Automatic;
				DEVELOPMENT_TEAM = J64K7CHM53;
				INFOPLIST_FILE = AboutMe/App/Info.plist;
				LD_RUNPATH_SEARCH_PATHS = (
					"$(inherited)",
					"@executable_path/Frameworks",
				);
				PRODUCT_BUNDLE_IDENTIFIER = ru.swiftbook.AboutMe;
				PRODUCT_NAME = "$(TARGET_NAME)";
				SWIFT_VERSION = 5.0;
				TARGETED_DEVICE_FAMILY = "1,2";
			};
			name = Debug;
		};
		7B84049426D9533400FFFAFE /* Release */ = {
			isa = XCBuildConfiguration;
			buildSettings = {
				ASSETCATALOG_COMPILER_APPICON_NAME = AppIcon;
				ASSETCATALOG_COMPILER_GLOBAL_ACCENT_COLOR_NAME = AccentColor;
				CODE_SIGN_STYLE = Automatic;
				DEVELOPMENT_TEAM = J64K7CHM53;
				INFOPLIST_FILE = AboutMe/App/Info.plist;
				LD_RUNPATH_SEARCH_PATHS = (
					"$(inherited)",
					"@executable_path/Frameworks",
				);
				PRODUCT_BUNDLE_IDENTIFIER = ru.swiftbook.AboutMe;
				PRODUCT_NAME = "$(TARGET_NAME)";
				SWIFT_VERSION = 5.0;
				TARGETED_DEVICE_FAMILY = "1,2";
			};
			name = Release;
		};
/* End XCBuildConfiguration section */

/* Begin XCConfigurationList section */
		7B84047926D9533200FFFAFE /* Build configuration list for PBXProject "AboutMe" */ = {
			isa = XCConfigurationList;
			buildConfigurations = (
				7B84049026D9533400FFFAFE /* Debug */,
				7B84049126D9533400FFFAFE /* Release */,
			);
			defaultConfigurationIsVisible = 0;
			defaultConfigurationName = Release;
		};
		7B84049226D9533400FFFAFE /* Build configuration list for PBXNativeTarget "AboutMe" */ = {
			isa = XCConfigurationList;
			buildConfigurations = (
				7B84049326D9533400FFFAFE /* Debug */,
				7B84049426D9533400FFFAFE /* Release */,
			);
			defaultConfigurationIsVisible = 0;
			defaultConfigurationName = Release;
		};
/* End XCConfigurationList section */
	};
	rootObject = 7B84047626D9533200FFFAFE /* Project object */;
}
